
Microsoft Visual Studio Solution File, Format Version 12.00
# Visual Studio Version 17
VisualStudioVersion = 17.4.33103.184
MinimumVisualStudioVersion = 10.0.40219.1
Project("{2150E333-8FDC-42A3-9474-1A3956D46DE8}") = "Solution Items", "Solution Items", "{3B716308-4863-435F-947C-5D871F465A9A}"
	ProjectSection(SolutionItems) = preProject
		.gitignore = .gitignore
		jay.ico = jay.ico
		LICENSE = LICENSE
		README.md = README.md
	EndProjectSection
EndProject
Project("{9A19103F-16F7-4668-BE54-9A1E7A4F7556}") = "ConsoleApp", "ConsoleApp\ConsoleApp.csproj", "{C22CA328-83FD-411E-88A8-4410F13E021C}"
EndProject
Project("{9A19103F-16F7-4668-BE54-9A1E7A4F7556}") = "Text", "Text\Text.csproj", "{D061E599-2764-4CA2-AFE6-207E53FFB02D}"
EndProject
Project("{2150E333-8FDC-42A3-9474-1A3956D46DE8}") = "Testing", "Testing", "{472E2095-74E6-45F8-A21B-CE8CF4867187}"
EndProject
Project("{9A19103F-16F7-4668-BE54-9A1E7A4F7556}") = "TextTests", "Testing\TextTests\TextTests.csproj", "{AA1C2BBB-DB2A-4BFF-8653-94FE2B04331D}"
EndProject
Project("{FAE04EC0-301F-11D3-BF4B-00C04F79EFBC}") = "Core", "Core\Core.csproj", "{90A8B8CF-3579-4A17-8BEB-FC5341B9F00B}"
EndProject
Global
	GlobalSection(SolutionConfigurationPlatforms) = preSolution
		Debug|Any CPU = Debug|Any CPU
		Release|Any CPU = Release|Any CPU
	EndGlobalSection
	GlobalSection(ProjectConfigurationPlatforms) = postSolution
		{C22CA328-83FD-411E-88A8-4410F13E021C}.Debug|Any CPU.ActiveCfg = Debug|Any CPU
		{C22CA328-83FD-411E-88A8-4410F13E021C}.Debug|Any CPU.Build.0 = Debug|Any CPU
		{C22CA328-83FD-411E-88A8-4410F13E021C}.Release|Any CPU.ActiveCfg = Release|Any CPU
		{C22CA328-83FD-411E-88A8-4410F13E021C}.Release|Any CPU.Build.0 = Release|Any CPU
		{D061E599-2764-4CA2-AFE6-207E53FFB02D}.Debug|Any CPU.ActiveCfg = Debug|Any CPU
		{D061E599-2764-4CA2-AFE6-207E53FFB02D}.Debug|Any CPU.Build.0 = Debug|Any CPU
		{D061E599-2764-4CA2-AFE6-207E53FFB02D}.Release|Any CPU.ActiveCfg = Release|Any CPU
		{D061E599-2764-4CA2-AFE6-207E53FFB02D}.Release|Any CPU.Build.0 = Release|Any CPU
		{AA1C2BBB-DB2A-4BFF-8653-94FE2B04331D}.Debug|Any CPU.ActiveCfg = Debug|Any CPU
		{AA1C2BBB-DB2A-4BFF-8653-94FE2B04331D}.Debug|Any CPU.Build.0 = Debug|Any CPU
		{AA1C2BBB-DB2A-4BFF-8653-94FE2B04331D}.Release|Any CPU.ActiveCfg = Release|Any CPU
		{AA1C2BBB-DB2A-4BFF-8653-94FE2B04331D}.Release|Any CPU.Build.0 = Release|Any CPU
		{90A8B8CF-3579-4A17-8BEB-FC5341B9F00B}.Debug|Any CPU.ActiveCfg = Debug|Any CPU
		{90A8B8CF-3579-4A17-8BEB-FC5341B9F00B}.Debug|Any CPU.Build.0 = Debug|Any CPU
		{90A8B8CF-3579-4A17-8BEB-FC5341B9F00B}.Release|Any CPU.ActiveCfg = Release|Any CPU
		{90A8B8CF-3579-4A17-8BEB-FC5341B9F00B}.Release|Any CPU.Build.0 = Release|Any CPU
	EndGlobalSection
	GlobalSection(SolutionProperties) = preSolution
		HideSolutionNode = FALSE
	EndGlobalSection
	GlobalSection(NestedProjects) = preSolution
		{AA1C2BBB-DB2A-4BFF-8653-94FE2B04331D} = {472E2095-74E6-45F8-A21B-CE8CF4867187}
	EndGlobalSection
	GlobalSection(ExtensibilityGlobals) = postSolution
		SolutionGuid = {CA11AB1E-4A41-596A-6179-147BEEB1E147}
	EndGlobalSection
EndGlobal
