
Microsoft Visual Studio Solution File, Format Version 12.00
Project("{FAE04EC0-301F-11D3-BF4B-00C04F79EFBC}") = "Core", "Core\Core.csproj", "{0C2E0401-0041-427F-930E-4C5EF5CA0C2A}"
EndProject
Project("{FAE04EC0-301F-11D3-BF4B-00C04F79EFBC}") = "Sandbox.Console", "Sandbox.Console\Sandbox.Console.csproj", "{2B0B508E-358E-4E40-941B-C5385D42AE6C}"
EndProject
Project("{FAE04EC0-301F-11D3-BF4B-00C04F79EFBC}") = "Settings", "Settings\Settings.csproj", "{7615F797-7041-43D2-95D8-DD62F4DCE528}"
EndProject
Project("{FAE04EC0-301F-11D3-BF4B-00C04F79EFBC}") = "IO", "IO\IO.csproj", "{E19142C7-C5B2-4292-97B6-76714F3541E8}"
EndProject
Project("{FAE04EC0-301F-11D3-BF4B-00C04F79EFBC}") = "Terminal", "Terminal\Terminal.csproj", "{C8AF396D-B306-489C-8F82-FF72D922F4A6}"
EndProject
Project("{FAE04EC0-301F-11D3-BF4B-00C04F79EFBC}") = "Logging", "Logging\Logging.csproj", "{C11917D3-7C19-4849-B231-F82516423FDA}"
EndProject
Project("{FAE04EC0-301F-11D3-BF4B-00C04F79EFBC}") = "Logging.WinForms", "Logging.WinForms\Logging.WinForms.csproj", "{4BD157B4-967C-4D99-86DC-0C2B14F41EF4}"
EndProject
Project("{FAE04EC0-301F-11D3-BF4B-00C04F79EFBC}") = "Logging.WPF", "Logging.WPF\Logging.WPF.csproj", "{0258E172-8EA2-4A94-95CB-37EB6BDB5BFD}"
EndProject
Project("{FAE04EC0-301F-11D3-BF4B-00C04F79EFBC}") = "GhostInput", "GhostInput\GhostInput.csproj", "{01D65A9A-5785-4FA4-9EC3-2793702B892E}"
EndProject
Project("{FAE04EC0-301F-11D3-BF4B-00C04F79EFBC}") = "Geometry", "Geometry\Geometry.csproj", "{0FA0FC9A-B2A1-4304-A0F0-82977E006F72}"
EndProject
Project("{2150E333-8FDC-42A3-9474-1A3956D46DE8}") = "UI", "UI", "{AED2E3E3-8987-45C7-894C-D8F8B51A6EB9}"
EndProject
Project("{FAE04EC0-301F-11D3-BF4B-00C04F79EFBC}") = "Wpf", "UI\Wpf\Wpf.csproj", "{1F9F1EB8-38DF-4C66-9286-7557C9DEF9DA}"
EndProject
Project("{FAE04EC0-301F-11D3-BF4B-00C04F79EFBC}") = "Terminal", "UI\Terminal\Terminal.csproj", "{1CDD5963-1A42-4273-821D-A6DC3E03C084}"
EndProject
Project("{2150E333-8FDC-42A3-9474-1A3956D46DE8}") = "Logging", "Logging", "{0F103345-56E8-4BA4-9D80-CF717D2D4903}"
EndProject
Project("{2150E333-8FDC-42A3-9474-1A3956D46DE8}") = "Sandbox", "Sandbox", "{74044D69-5254-4F73-B1E9-F07AF8498328}"
EndProject
Project("{FAE04EC0-301F-11D3-BF4B-00C04F79EFBC}") = "Corvidae", "Corvidae\Corvidae.csproj", "{7C232938-C21B-409A-B6DB-3A89C2CF8237}"
EndProject
Project("{FAE04EC0-301F-11D3-BF4B-00C04F79EFBC}") = "Jay.Benchmarks", "Jay.Benchmarks\Jay.Benchmarks.csproj", "{D7E5973C-218B-4FAF-967F-4021A7CAC047}"
EndProject
Project("{2150E333-8FDC-42A3-9474-1A3956D46DE8}") = "ZCT", "ZCT", "{6097E7AD-5193-4450-B4FA-09D6560EE278}"
EndProject
Project("{FAE04EC0-301F-11D3-BF4B-00C04F79EFBC}") = "ZombieCityTactics", "ZCT\ZombieCityTactics\ZombieCityTactics.csproj", "{BE416E36-AFBA-4866-86C4-8BDB6804CF40}"
EndProject
Project("{2150E333-8FDC-42A3-9474-1A3956D46DE8}") = "TinyCards", "TinyCards", "{30CEEF9B-C1E8-446B-8D85-8296EBEC7214}"
EndProject
Project("{FAE04EC0-301F-11D3-BF4B-00C04F79EFBC}") = "TinyCards.Core", "TinyCards\TinyCards.Core\TinyCards.Core.csproj", "{189A0B5B-698A-4D7D-8BA9-AFC5006AE543}"
EndProject
Global
	GlobalSection(SolutionConfigurationPlatforms) = preSolution
		Debug|Any CPU = Debug|Any CPU
		Release|Any CPU = Release|Any CPU
	EndGlobalSection
	GlobalSection(ProjectConfigurationPlatforms) = postSolution
		{0C2E0401-0041-427F-930E-4C5EF5CA0C2A}.Debug|Any CPU.ActiveCfg = Debug|Any CPU
		{0C2E0401-0041-427F-930E-4C5EF5CA0C2A}.Debug|Any CPU.Build.0 = Debug|Any CPU
		{0C2E0401-0041-427F-930E-4C5EF5CA0C2A}.Release|Any CPU.ActiveCfg = Release|Any CPU
		{0C2E0401-0041-427F-930E-4C5EF5CA0C2A}.Release|Any CPU.Build.0 = Release|Any CPU
		{2B0B508E-358E-4E40-941B-C5385D42AE6C}.Debug|Any CPU.ActiveCfg = Debug|Any CPU
		{2B0B508E-358E-4E40-941B-C5385D42AE6C}.Debug|Any CPU.Build.0 = Debug|Any CPU
		{2B0B508E-358E-4E40-941B-C5385D42AE6C}.Release|Any CPU.ActiveCfg = Release|Any CPU
		{2B0B508E-358E-4E40-941B-C5385D42AE6C}.Release|Any CPU.Build.0 = Release|Any CPU
		{7615F797-7041-43D2-95D8-DD62F4DCE528}.Debug|Any CPU.ActiveCfg = Debug|Any CPU
		{7615F797-7041-43D2-95D8-DD62F4DCE528}.Debug|Any CPU.Build.0 = Debug|Any CPU
		{7615F797-7041-43D2-95D8-DD62F4DCE528}.Release|Any CPU.ActiveCfg = Release|Any CPU
		{7615F797-7041-43D2-95D8-DD62F4DCE528}.Release|Any CPU.Build.0 = Release|Any CPU
		{E19142C7-C5B2-4292-97B6-76714F3541E8}.Debug|Any CPU.ActiveCfg = Debug|Any CPU
		{E19142C7-C5B2-4292-97B6-76714F3541E8}.Debug|Any CPU.Build.0 = Debug|Any CPU
		{E19142C7-C5B2-4292-97B6-76714F3541E8}.Release|Any CPU.ActiveCfg = Release|Any CPU
		{E19142C7-C5B2-4292-97B6-76714F3541E8}.Release|Any CPU.Build.0 = Release|Any CPU
		{C8AF396D-B306-489C-8F82-FF72D922F4A6}.Debug|Any CPU.ActiveCfg = Debug|Any CPU
		{C8AF396D-B306-489C-8F82-FF72D922F4A6}.Debug|Any CPU.Build.0 = Debug|Any CPU
		{C8AF396D-B306-489C-8F82-FF72D922F4A6}.Release|Any CPU.ActiveCfg = Release|Any CPU
		{C8AF396D-B306-489C-8F82-FF72D922F4A6}.Release|Any CPU.Build.0 = Release|Any CPU
		{C11917D3-7C19-4849-B231-F82516423FDA}.Debug|Any CPU.ActiveCfg = Debug|Any CPU
		{C11917D3-7C19-4849-B231-F82516423FDA}.Debug|Any CPU.Build.0 = Debug|Any CPU
		{C11917D3-7C19-4849-B231-F82516423FDA}.Release|Any CPU.ActiveCfg = Release|Any CPU
		{C11917D3-7C19-4849-B231-F82516423FDA}.Release|Any CPU.Build.0 = Release|Any CPU
		{4BD157B4-967C-4D99-86DC-0C2B14F41EF4}.Debug|Any CPU.ActiveCfg = Debug|Any CPU
		{4BD157B4-967C-4D99-86DC-0C2B14F41EF4}.Debug|Any CPU.Build.0 = Debug|Any CPU
		{4BD157B4-967C-4D99-86DC-0C2B14F41EF4}.Release|Any CPU.ActiveCfg = Release|Any CPU
		{4BD157B4-967C-4D99-86DC-0C2B14F41EF4}.Release|Any CPU.Build.0 = Release|Any CPU
		{0258E172-8EA2-4A94-95CB-37EB6BDB5BFD}.Debug|Any CPU.ActiveCfg = Debug|Any CPU
		{0258E172-8EA2-4A94-95CB-37EB6BDB5BFD}.Debug|Any CPU.Build.0 = Debug|Any CPU
		{0258E172-8EA2-4A94-95CB-37EB6BDB5BFD}.Release|Any CPU.ActiveCfg = Release|Any CPU
		{0258E172-8EA2-4A94-95CB-37EB6BDB5BFD}.Release|Any CPU.Build.0 = Release|Any CPU
		{01D65A9A-5785-4FA4-9EC3-2793702B892E}.Debug|Any CPU.ActiveCfg = Debug|Any CPU
		{01D65A9A-5785-4FA4-9EC3-2793702B892E}.Debug|Any CPU.Build.0 = Debug|Any CPU
		{01D65A9A-5785-4FA4-9EC3-2793702B892E}.Release|Any CPU.ActiveCfg = Release|Any CPU
		{01D65A9A-5785-4FA4-9EC3-2793702B892E}.Release|Any CPU.Build.0 = Release|Any CPU
		{0FA0FC9A-B2A1-4304-A0F0-82977E006F72}.Debug|Any CPU.ActiveCfg = Debug|Any CPU
		{0FA0FC9A-B2A1-4304-A0F0-82977E006F72}.Debug|Any CPU.Build.0 = Debug|Any CPU
		{0FA0FC9A-B2A1-4304-A0F0-82977E006F72}.Release|Any CPU.ActiveCfg = Release|Any CPU
		{0FA0FC9A-B2A1-4304-A0F0-82977E006F72}.Release|Any CPU.Build.0 = Release|Any CPU
		{1F9F1EB8-38DF-4C66-9286-7557C9DEF9DA}.Debug|Any CPU.ActiveCfg = Debug|Any CPU
		{1F9F1EB8-38DF-4C66-9286-7557C9DEF9DA}.Debug|Any CPU.Build.0 = Debug|Any CPU
		{1F9F1EB8-38DF-4C66-9286-7557C9DEF9DA}.Release|Any CPU.ActiveCfg = Release|Any CPU
		{1F9F1EB8-38DF-4C66-9286-7557C9DEF9DA}.Release|Any CPU.Build.0 = Release|Any CPU
		{1CDD5963-1A42-4273-821D-A6DC3E03C084}.Debug|Any CPU.ActiveCfg = Debug|Any CPU
		{1CDD5963-1A42-4273-821D-A6DC3E03C084}.Debug|Any CPU.Build.0 = Debug|Any CPU
		{1CDD5963-1A42-4273-821D-A6DC3E03C084}.Release|Any CPU.ActiveCfg = Release|Any CPU
		{1CDD5963-1A42-4273-821D-A6DC3E03C084}.Release|Any CPU.Build.0 = Release|Any CPU
		{7C232938-C21B-409A-B6DB-3A89C2CF8237}.Debug|Any CPU.ActiveCfg = Debug|Any CPU
		{7C232938-C21B-409A-B6DB-3A89C2CF8237}.Debug|Any CPU.Build.0 = Debug|Any CPU
		{7C232938-C21B-409A-B6DB-3A89C2CF8237}.Release|Any CPU.ActiveCfg = Release|Any CPU
		{7C232938-C21B-409A-B6DB-3A89C2CF8237}.Release|Any CPU.Build.0 = Release|Any CPU
		{D7E5973C-218B-4FAF-967F-4021A7CAC047}.Debug|Any CPU.ActiveCfg = Debug|Any CPU
		{D7E5973C-218B-4FAF-967F-4021A7CAC047}.Debug|Any CPU.Build.0 = Debug|Any CPU
		{D7E5973C-218B-4FAF-967F-4021A7CAC047}.Release|Any CPU.ActiveCfg = Release|Any CPU
		{D7E5973C-218B-4FAF-967F-4021A7CAC047}.Release|Any CPU.Build.0 = Release|Any CPU
		{BE416E36-AFBA-4866-86C4-8BDB6804CF40}.Debug|Any CPU.ActiveCfg = Debug|Any CPU
		{BE416E36-AFBA-4866-86C4-8BDB6804CF40}.Debug|Any CPU.Build.0 = Debug|Any CPU
		{BE416E36-AFBA-4866-86C4-8BDB6804CF40}.Release|Any CPU.ActiveCfg = Release|Any CPU
		{BE416E36-AFBA-4866-86C4-8BDB6804CF40}.Release|Any CPU.Build.0 = Release|Any CPU
		{189A0B5B-698A-4D7D-8BA9-AFC5006AE543}.Debug|Any CPU.ActiveCfg = Debug|Any CPU
		{189A0B5B-698A-4D7D-8BA9-AFC5006AE543}.Debug|Any CPU.Build.0 = Debug|Any CPU
		{189A0B5B-698A-4D7D-8BA9-AFC5006AE543}.Release|Any CPU.ActiveCfg = Release|Any CPU
		{189A0B5B-698A-4D7D-8BA9-AFC5006AE543}.Release|Any CPU.Build.0 = Release|Any CPU
	EndGlobalSection
	GlobalSection(NestedProjects) = preSolution
		{1F9F1EB8-38DF-4C66-9286-7557C9DEF9DA} = {AED2E3E3-8987-45C7-894C-D8F8B51A6EB9}
		{1CDD5963-1A42-4273-821D-A6DC3E03C084} = {AED2E3E3-8987-45C7-894C-D8F8B51A6EB9}
		{C11917D3-7C19-4849-B231-F82516423FDA} = {0F103345-56E8-4BA4-9D80-CF717D2D4903}
		{4BD157B4-967C-4D99-86DC-0C2B14F41EF4} = {0F103345-56E8-4BA4-9D80-CF717D2D4903}
		{0258E172-8EA2-4A94-95CB-37EB6BDB5BFD} = {0F103345-56E8-4BA4-9D80-CF717D2D4903}
		{2B0B508E-358E-4E40-941B-C5385D42AE6C} = {74044D69-5254-4F73-B1E9-F07AF8498328}
		{BE416E36-AFBA-4866-86C4-8BDB6804CF40} = {6097E7AD-5193-4450-B4FA-09D6560EE278}
		{189A0B5B-698A-4D7D-8BA9-AFC5006AE543} = {30CEEF9B-C1E8-446B-8D85-8296EBEC7214}
	EndGlobalSection
EndGlobal
