
Microsoft Visual Studio Solution File, Format Version 12.00
Project("{FAE04EC0-301F-11D3-BF4B-00C04F79EFBC}") = "Core", "Core\Core.csproj", "{3C56525F-55FB-46B0-AB02-B3E9F99164F3}"
EndProject
Project("{FAE04EC0-301F-11D3-BF4B-00C04F79EFBC}") = "Sandbox.Terminal", "Sandbox\Terminal\Sandbox.Terminal.csproj", "{DE5DA19D-BF77-4AFD-B348-2B7E8CD239CA}"
EndProject
Project("{FAE04EC0-301F-11D3-BF4B-00C04F79EFBC}") = "Jay.Benchmarks", "Jay.Benchmarks\Jay.Benchmarks.csproj", "{5CEC76D7-EDDE-4817-ACDE-1F970D8CD6E8}"
EndProject
Project("{FAE04EC0-301F-11D3-BF4B-00C04F79EFBC}") = "IO", "IO\IO.csproj", "{9468E93F-40AD-4810-A9A3-97960EA8A246}"
EndProject
Project("{2150E333-8FDC-42A3-9474-1A3956D46DE8}") = "Logging", "Logging", "{1905308E-6718-4F2D-82F0-71282914E914}"
EndProject
Project("{FAE04EC0-301F-11D3-BF4B-00C04F79EFBC}") = "Core", "Logging\Core\Core.csproj", "{FA752BEA-21E9-4AF7-A4E0-E5B514A33227}"
EndProject
Project("{2150E333-8FDC-42A3-9474-1A3956D46DE8}") = "Gambling", "Gambling", "{04167751-F34A-442D-8014-CA086A5FFA65}"
EndProject
Project("{FAE04EC0-301F-11D3-BF4B-00C04F79EFBC}") = "Roulette", "Roulette\Roulette\Roulette.csproj", "{50893AE3-425C-4664-B82B-F75192CF7C2D}"
EndProject
Project("{FAE04EC0-301F-11D3-BF4B-00C04F79EFBC}") = "Geometry", "Geometry\Geometry.csproj", "{C1B1D3E4-D06E-426E-A09A-E9B81AEC14CD}"
EndProject
Project("{FAE04EC0-301F-11D3-BF4B-00C04F79EFBC}") = "Cards", "Gambling\Cards\Cards.csproj", "{441B0658-C33E-4792-A749-C57E2B0D64A3}"
EndProject
Global
	GlobalSection(SolutionConfigurationPlatforms) = preSolution
		Debug|Any CPU = Debug|Any CPU
		Release|Any CPU = Release|Any CPU
	EndGlobalSection
	GlobalSection(ProjectConfigurationPlatforms) = postSolution
		{3C56525F-55FB-46B0-AB02-B3E9F99164F3}.Debug|Any CPU.ActiveCfg = Debug|Any CPU
		{3C56525F-55FB-46B0-AB02-B3E9F99164F3}.Debug|Any CPU.Build.0 = Debug|Any CPU
		{3C56525F-55FB-46B0-AB02-B3E9F99164F3}.Release|Any CPU.ActiveCfg = Release|Any CPU
		{3C56525F-55FB-46B0-AB02-B3E9F99164F3}.Release|Any CPU.Build.0 = Release|Any CPU
		{DE5DA19D-BF77-4AFD-B348-2B7E8CD239CA}.Debug|Any CPU.ActiveCfg = Debug|Any CPU
		{DE5DA19D-BF77-4AFD-B348-2B7E8CD239CA}.Debug|Any CPU.Build.0 = Debug|Any CPU
		{DE5DA19D-BF77-4AFD-B348-2B7E8CD239CA}.Release|Any CPU.ActiveCfg = Release|Any CPU
		{DE5DA19D-BF77-4AFD-B348-2B7E8CD239CA}.Release|Any CPU.Build.0 = Release|Any CPU
		{5CEC76D7-EDDE-4817-ACDE-1F970D8CD6E8}.Debug|Any CPU.ActiveCfg = Debug|Any CPU
		{5CEC76D7-EDDE-4817-ACDE-1F970D8CD6E8}.Debug|Any CPU.Build.0 = Debug|Any CPU
		{5CEC76D7-EDDE-4817-ACDE-1F970D8CD6E8}.Release|Any CPU.ActiveCfg = Release|Any CPU
		{5CEC76D7-EDDE-4817-ACDE-1F970D8CD6E8}.Release|Any CPU.Build.0 = Release|Any CPU
		{9468E93F-40AD-4810-A9A3-97960EA8A246}.Debug|Any CPU.ActiveCfg = Debug|Any CPU
		{9468E93F-40AD-4810-A9A3-97960EA8A246}.Debug|Any CPU.Build.0 = Debug|Any CPU
		{9468E93F-40AD-4810-A9A3-97960EA8A246}.Release|Any CPU.ActiveCfg = Release|Any CPU
		{9468E93F-40AD-4810-A9A3-97960EA8A246}.Release|Any CPU.Build.0 = Release|Any CPU
		{FA752BEA-21E9-4AF7-A4E0-E5B514A33227}.Debug|Any CPU.ActiveCfg = Debug|Any CPU
		{FA752BEA-21E9-4AF7-A4E0-E5B514A33227}.Debug|Any CPU.Build.0 = Debug|Any CPU
		{FA752BEA-21E9-4AF7-A4E0-E5B514A33227}.Release|Any CPU.ActiveCfg = Release|Any CPU
		{FA752BEA-21E9-4AF7-A4E0-E5B514A33227}.Release|Any CPU.Build.0 = Release|Any CPU
		{50893AE3-425C-4664-B82B-F75192CF7C2D}.Debug|Any CPU.ActiveCfg = Debug|Any CPU
		{50893AE3-425C-4664-B82B-F75192CF7C2D}.Debug|Any CPU.Build.0 = Debug|Any CPU
		{50893AE3-425C-4664-B82B-F75192CF7C2D}.Release|Any CPU.ActiveCfg = Release|Any CPU
		{50893AE3-425C-4664-B82B-F75192CF7C2D}.Release|Any CPU.Build.0 = Release|Any CPU
		{C1B1D3E4-D06E-426E-A09A-E9B81AEC14CD}.Debug|Any CPU.ActiveCfg = Debug|Any CPU
		{C1B1D3E4-D06E-426E-A09A-E9B81AEC14CD}.Debug|Any CPU.Build.0 = Debug|Any CPU
		{C1B1D3E4-D06E-426E-A09A-E9B81AEC14CD}.Release|Any CPU.ActiveCfg = Release|Any CPU
		{C1B1D3E4-D06E-426E-A09A-E9B81AEC14CD}.Release|Any CPU.Build.0 = Release|Any CPU
		{441B0658-C33E-4792-A749-C57E2B0D64A3}.Debug|Any CPU.ActiveCfg = Debug|Any CPU
		{441B0658-C33E-4792-A749-C57E2B0D64A3}.Debug|Any CPU.Build.0 = Debug|Any CPU
		{441B0658-C33E-4792-A749-C57E2B0D64A3}.Release|Any CPU.ActiveCfg = Release|Any CPU
		{441B0658-C33E-4792-A749-C57E2B0D64A3}.Release|Any CPU.Build.0 = Release|Any CPU
	EndGlobalSection
	GlobalSection(NestedProjects) = preSolution
		{FA752BEA-21E9-4AF7-A4E0-E5B514A33227} = {1905308E-6718-4F2D-82F0-71282914E914}
		{50893AE3-425C-4664-B82B-F75192CF7C2D} = {04167751-F34A-442D-8014-CA086A5FFA65}
		{441B0658-C33E-4792-A749-C57E2B0D64A3} = {04167751-F34A-442D-8014-CA086A5FFA65}
	EndGlobalSection
EndGlobal
