
Microsoft Visual Studio Solution File, Format Version 12.00
Project("{FAE04EC0-301F-11D3-BF4B-00C04F79EFBC}") = "Jay.SourceGen", "src\Jay.SourceGen.csproj", "{EC1F4FC7-B5A0-494B-B892-08EDD43664FE}"
EndProject
Project("{FAE04EC0-301F-11D3-BF4B-00C04F79EFBC}") = "Jay.SourceGen.Tests", "Tests\Jay.SourceGen.Tests.csproj", "{57B8F33A-8C64-4657-A8A0-9030CA243525}"
EndProject
Global
	GlobalSection(SolutionConfigurationPlatforms) = preSolution
		Debug|Any CPU = Debug|Any CPU
		Release|Any CPU = Release|Any CPU
	EndGlobalSection
	GlobalSection(ProjectConfigurationPlatforms) = postSolution
		{EC1F4FC7-B5A0-494B-B892-08EDD43664FE}.Debug|Any CPU.ActiveCfg = Debug|Any CPU
		{EC1F4FC7-B5A0-494B-B892-08EDD43664FE}.Debug|Any CPU.Build.0 = Debug|Any CPU
		{EC1F4FC7-B5A0-494B-B892-08EDD43664FE}.Release|Any CPU.ActiveCfg = Release|Any CPU
		{EC1F4FC7-B5A0-494B-B892-08EDD43664FE}.Release|Any CPU.Build.0 = Release|Any CPU
		{57B8F33A-8C64-4657-A8A0-9030CA243525}.Debug|Any CPU.ActiveCfg = Debug|Any CPU
		{57B8F33A-8C64-4657-A8A0-9030CA243525}.Debug|Any CPU.Build.0 = Debug|Any CPU
		{57B8F33A-8C64-4657-A8A0-9030CA243525}.Release|Any CPU.ActiveCfg = Release|Any CPU
		{57B8F33A-8C64-4657-A8A0-9030CA243525}.Release|Any CPU.Build.0 = Release|Any CPU
	EndGlobalSection
EndGlobal
